PODS:
  - ESTabBarController (0.2)
  - Realm (3.7.4):
    - Realm/Headers (= 3.7.4)
  - Realm/Headers (3.7.4)
  - RealmSwift (3.7.4):
    - Realm (= 3.7.4)
  - SVProgressHUD (2.2.5)

DEPENDENCIES:
  - ESTabBarController (= 0.2)
  - RealmSwift (= 3.7.4)
  - SVProgressHUD (= 2.2.5)

SPEC REPOS:
  https://github.com/cocoapods/specs.git:
    - ESTabBarController
    - Realm
    - RealmSwift
    - SVProgressHUD

SPEC CHECKSUMS:
  ESTabBarController: e82ac0b135bec16fb646ac1da4ac8953fcd927da
  Realm: a469bb59e33f9926102ccaea4349822c53b9117e
  RealmSwift: a45861b21c180f5cf0f122144b9759fa8dde3e9e
  SVProgressHUD: 1428aafac632c1f86f62aa4243ec12008d7a51d6

PODFILE CHECKSUM: 3e2ddebab88907ca6ef2fc1bbf2abeab286c7c52

COCOAPODS: 1.5.2
